// !$*UTF8*$!
{
	archiveVersion = 1;
	classes = {
	};
	objectVersion = 50;
	objects = {

/* Begin PBXBuildFile section */
		B94D400325507CBA0077DD79 /* AppDelegate.swift in Sources */ = {isa = PBXBuildFile; fileRef = B94D400225507CBA0077DD79 /* AppDelegate.swift */; };
		B94D400525507CBA0077DD79 /* SceneDelegate.swift in Sources */ = {isa = PBXBuildFile; fileRef = B94D400425507CBA0077DD79 /* SceneDelegate.swift */; };
		B94D400C25507CBD0077DD79 /* Assets.xcassets in Resources */ = {isa = PBXBuildFile; fileRef = B94D400B25507CBD0077DD79 /* Assets.xcassets */; };
		B94D400F25507CBD0077DD79 /* LaunchScreen.storyboard in Resources */ = {isa = PBXBuildFile; fileRef = B94D400D25507CBD0077DD79 /* LaunchScreen.storyboard */; };
		B94D401C2550C28D0077DD79 /* RegisterViewController.swift in Sources */ = {isa = PBXBuildFile; fileRef = B94D401B2550C28D0077DD79 /* RegisterViewController.swift */; };
		B94D40242550CA790077DD79 /* screenshot2.png in Resources */ = {isa = PBXBuildFile; fileRef = B94D40222550CA790077DD79 /* screenshot2.png */; };
		B94D40252550CA790077DD79 /* screenshot1.png in Resources */ = {isa = PBXBuildFile; fileRef = B94D40232550CA790077DD79 /* screenshot1.png */; };
		B9E776892837125A00A1DEBF /* MainViewController.swift in Sources */ = {isa = PBXBuildFile; fileRef = B9E776882837125A00A1DEBF /* MainViewController.swift */; };
		B9E7768B2837127C00A1DEBF /* Main.storyboard in Resources */ = {isa = PBXBuildFile; fileRef = B9E7768A2837127C00A1DEBF /* Main.storyboard */; };
		B9E7768D283714A500A1DEBF /* LoginViewController.swift in Sources */ = {isa = PBXBuildFile; fileRef = B9E7768C283714A500A1DEBF /* LoginViewController.swift */; };
/* End PBXBuildFile section */

/* Begin PBXFileReference section */
		B94D3FFF25507CBA0077DD79 /* NavigationViewController_Tutorial.app */ = {isa = PBXFileReference; explicitFileType = wrapper.application; includeInIndex = 0; path = NavigationViewController_Tutorial.app; sourceTree = BUILT_PRODUCTS_DIR; };
		B94D400225507CBA0077DD79 /* AppDelegate.swift */ = {isa = PBXFileReference; lastKnownFileType = sourcecode.swift; path = AppDelegate.swift; sourceTree = "<group>"; };
		B94D400425507CBA0077DD79 /* SceneDelegate.swift */ = {isa = PBXFileReference; lastKnownFileType = sourcecode.swift; path = SceneDelegate.swift; sourceTree = "<group>"; };
		B94D400B25507CBD0077DD79 /* Assets.xcassets */ = {isa = PBXFileReference; lastKnownFileType = folder.assetcatalog; path = Assets.xcassets; sourceTree = "<group>"; };
		B94D400E25507CBD0077DD79 /* Base */ = {isa = PBXFileReference; lastKnownFileType = file.storyboard; name = Base; path = Base.lproj/LaunchScreen.storyboard; sourceTree = "<group>"; };
		B94D401025507CBD0077DD79 /* Info.plist */ = {isa = PBXFileReference; lastKnownFileType = text.plist.xml; path = Info.plist; sourceTree = "<group>"; };
		B94D401B2550C28D0077DD79 /* RegisterViewController.swift */ = {isa = PBXFileReference; lastKnownFileType = sourcecode.swift; path = RegisterViewController.swift; sourceTree = "<group>"; };
		B94D40222550CA790077DD79 /* screenshot2.png */ = {isa = PBXFileReference; lastKnownFileType = image.png; path = screenshot2.png; sourceTree = "<group>"; };
		B94D40232550CA790077DD79 /* screenshot1.png */ = {isa = PBXFileReference; lastKnownFileType = image.png; path = screenshot1.png; sourceTree = "<group>"; };
		B9E776882837125A00A1DEBF /* MainViewController.swift */ = {isa = PBXFileReference; lastKnownFileType = sourcecode.swift; path = MainViewController.swift; sourceTree = "<group>"; };
		B9E7768A2837127C00A1DEBF /* Main.storyboard */ = {isa = PBXFileReference; fileEncoding = 4; lastKnownFileType = file.storyboard; path = Main.storyboard; sourceTree = "<group>"; };
		B9E7768C283714A500A1DEBF /* LoginViewController.swift */ = {isa = PBXFileReference; fileEncoding = 4; lastKnownFileType = sourcecode.swift; path = LoginViewController.swift; sourceTree = "<group>"; };
/* End PBXFileReference section */

/* Begin PBXFrameworksBuildPhase section */
		B94D3FFC25507CBA0077DD79 /* Frameworks */ = {
			isa = PBXFrameworksBuildPhase;
			buildActionMask = 2147483647;
			files = (
			);
			runOnlyForDeploymentPostprocessing = 0;
		};
/* End PBXFrameworksBuildPhase section */

/* Begin PBXGroup section */
		B94D3FF625507CBA0077DD79 = {
			isa = PBXGroup;
			children = (
				B94D400125507CBA0077DD79 /* NavigationViewController_Tutorial */,
				B94D400025507CBA0077DD79 /* Products */,
			);
			sourceTree = "<group>";
		};
		B94D400025507CBA0077DD79 /* Products */ = {
			isa = PBXGroup;
			children = (
				B94D3FFF25507CBA0077DD79 /* NavigationViewController_Tutorial.app */,
			);
			name = Products;
			sourceTree = "<group>";
		};
		B94D400125507CBA0077DD79 /* NavigationViewController_Tutorial */ = {
			isa = PBXGroup;
			children = (
				B94D401A2550C2640077DD79 /* Controllers */,
				B94D400225507CBA0077DD79 /* AppDelegate.swift */,
				B94D40232550CA790077DD79 /* screenshot1.png */,
				B94D40222550CA790077DD79 /* screenshot2.png */,
				B9E7768A2837127C00A1DEBF /* Main.storyboard */,
				B94D400425507CBA0077DD79 /* SceneDelegate.swift */,
				B94D400B25507CBD0077DD79 /* Assets.xcassets */,
				B94D400D25507CBD0077DD79 /* LaunchScreen.storyboard */,
				B94D401025507CBD0077DD79 /* Info.plist */,
			);
			path = NavigationViewController_Tutorial;
			sourceTree = "<group>";
		};
		B94D401A2550C2640077DD79 /* Controllers */ = {
			isa = PBXGroup;
			children = (
				B94D401B2550C28D0077DD79 /* RegisterViewController.swift */,
				B9E776882837125A00A1DEBF /* MainViewController.swift */,
				B9E7768C283714A500A1DEBF /* LoginViewController.swift */,
			);
			path = Controllers;
			sourceTree = "<group>";
		};
/* End PBXGroup section */

/* Begin PBXNativeTarget section */
		B94D3FFE25507CBA0077DD79 /* NavigationViewController_Tutorial */ = {
			isa = PBXNativeTarget;
			buildConfigurationList = B94D401325507CBD0077DD79 /* Build configuration list for PBXNativeTarget "NavigationViewController_Tutorial" */;
			buildPhases = (
				B94D3FFB25507CBA0077DD79 /* Sources */,
				B94D3FFC25507CBA0077DD79 /* Frameworks */,
				B94D3FFD25507CBA0077DD79 /* Resources */,
			);
			buildRules = (
			);
			dependencies = (
			);
			name = NavigationViewController_Tutorial;
			productName = NavigationViewController_Tutorial;
			productReference = B94D3FFF25507CBA0077DD79 /* NavigationViewController_Tutorial.app */;
			productType = "com.apple.product-type.application";
		};
/* End PBXNativeTarget section */

/* Begin PBXProject section */
		B94D3FF725507CBA0077DD79 /* Project object */ = {
			isa = PBXProject;
			attributes = {
				LastSwiftUpdateCheck = 1210;
				LastUpgradeCheck = 1210;
				TargetAttributes = {
					B94D3FFE25507CBA0077DD79 = {
						CreatedOnToolsVersion = 12.1;
					};
				};
			};
			buildConfigurationList = B94D3FFA25507CBA0077DD79 /* Build configuration list for PBXProject "NavigationViewController_Tutorial" */;
			compatibilityVersion = "Xcode 9.3";
			developmentRegion = en;
			hasScannedForEncodings = 0;
			knownRegions = (
				en,
				Base,
			);
			mainGroup = B94D3FF625507CBA0077DD79;
			productRefGroup = B94D400025507CBA0077DD79 /* Products */;
			projectDirPath = "";
			projectRoot = "";
			targets = (
				B94D3FFE25507CBA0077DD79 /* NavigationViewController_Tutorial */,
			);
		};
/* End PBXProject section */

/* Begin PBXResourcesBuildPhase section */
		B94D3FFD25507CBA0077DD79 /* Resources */ = {
			isa = PBXResourcesBuildPhase;
			buildActionMask = 2147483647;
			files = (
				B94D400F25507CBD0077DD79 /* LaunchScreen.storyboard in Resources */,
				B9E7768B2837127C00A1DEBF /* Main.storyboard in Resources */,
				B94D400C25507CBD0077DD79 /* Assets.xcassets in Resources */,
				B94D40242550CA790077DD79 /* screenshot2.png in Resources */,
				B94D40252550CA790077DD79 /* screenshot1.png in Resources */,
			);
			runOnlyForDeploymentPostprocessing = 0;
		};
/* End PBXResourcesBuildPhase section */

/* Begin PBXSourcesBuildPhase section */
		B94D3FFB25507CBA0077DD79 /* Sources */ = {
			isa = PBXSourcesBuildPhase;
			buildActionMask = 2147483647;
			files = (
				B9E7768D283714A500A1DEBF /* LoginViewController.swift in Sources */,
				B94D401C2550C28D0077DD79 /* RegisterViewController.swift in Sources */,
				B94D400325507CBA0077DD79 /* AppDelegate.swift in Sources */,
				B94D400525507CBA0077DD79 /* SceneDelegate.swift in Sources */,
				B9E776892837125A00A1DEBF /* MainViewController.swift in Sources */,
			);
			runOnlyForDeploymentPostprocessing = 0;
		};
/* End PBXSourcesBuildPhase section */

/* Begin PBXVariantGroup section */
		B94D400D25507CBD0077DD79 /* LaunchScreen.storyboard */ = {
			isa = PBXVariantGroup;
			children = (
				B94D400E25507CBD0077DD79 /* Base */,
			);
			name = LaunchScreen.storyboard;
			sourceTree = "<group>";
		};
/* End PBXVariantGroup section */

/* Begin XCBuildConfiguration section */
		B94D401125507CBD0077DD79 /* Debug */ = {
			isa = XCBuildConfiguration;
			buildSettings = {
				ALWAYS_SEARCH_USER_PATHS = NO;
				CLANG_ANALYZER_NONNULL = YES;
				CLANG_ANALYZER_NUMBER_OBJECT_CONVERSION = YES_AGGRESSIVE;
				CLANG_CXX_LANGUAGE_STANDARD = "gnu++14";
				CLANG_CXX_LIBRARY = "libc++";
				CLANG_ENABLE_MODULES = YES;
				CLANG_ENABLE_OBJC_ARC = YES;
				CLANG_ENABLE_OBJC_WEAK = YES;
				CLANG_WARN_BLOCK_CAPTURE_AUTORELEASING = YES;
				CLANG_WARN_BOOL_CONVERSION = YES;
				CLANG_WARN_COMMA = YES;
				CLANG_WARN_CONSTANT_CONVERSION = YES;
				CLANG_WARN_DEPRECATED_OBJC_IMPLEMENTATIONS = YES;
				CLANG_WARN_DIRECT_OBJC_ISA_USAGE = YES_ERROR;
				CLANG_WARN_DOCUMENTATION_COMMENTS = YES;
				CLANG_WARN_EMPTY_BODY = YES;
				CLANG_WARN_ENUM_CONVERSION = YES;
				CLANG_WARN_INFINITE_RECURSION = YES;
				CLANG_WARN_INT_CONVERSION = YES;
				CLANG_WARN_NON_LITERAL_NULL_CONVERSION = YES;
				CLANG_WARN_OBJC_IMPLICIT_RETAIN_SELF = YES;
				CLANG_WARN_OBJC_LITERAL_CONVERSION = YES;
				CLANG_WARN_OBJC_ROOT_CLASS = YES_ERROR;
				CLANG_WARN_QUOTED_INCLUDE_IN_FRAMEWORK_HEADER = YES;
				CLANG_WARN_RANGE_LOOP_ANALYSIS = YES;
				CLANG_WARN_STRICT_PROTOTYPES = YES;
				CLANG_WARN_SUSPICIOUS_MOVE = YES;
				CLANG_WARN_UNGUARDED_AVAILABILITY = YES_AGGRESSIVE;
				CLANG_WARN_UNREACHABLE_CODE = YES;
				CLANG_WARN__DUPLICATE_METHOD_MATCH = YES;
				COPY_PHASE_STRIP = NO;
				DEBUG_INFORMATION_FORMAT = dwarf;
				ENABLE_STRICT_OBJC_MSGSEND = YES;
				ENABLE_TESTABILITY = YES;
				GCC_C_LANGUAGE_STANDARD = gnu11;
				GCC_DYNAMIC_NO_PIC = NO;
				GCC_NO_COMMON_BLOCKS = YES;
				GCC_OPTIMIZATION_LEVEL = 0;
				GCC_PREPROCESSOR_DEFINITIONS = (
					"DEBUG=1",
					"$(inherited)",
				);
				GCC_WARN_64_TO_32_BIT_CONVERSION = YES;
				GCC_WARN_ABOUT_RETURN_TYPE = YES_ERROR;
				GCC_WARN_UNDECLARED_SELECTOR = YES;
				GCC_WARN_UNINITIALIZED_AUTOS = YES_AGGRESSIVE;
				GCC_WARN_UNUSED_FUNCTION = YES;
				GCC_WARN_UNUSED_VARIABLE = YES;
				IPHONEOS_DEPLOYMENT_TARGET = 14.1;
				MTL_ENABLE_DEBUG_INFO = INCLUDE_SOURCE;
				MTL_FAST_MATH = YES;
				ONLY_ACTIVE_ARCH = YES;
				SDKROOT = iphoneos;
				SWIFT_ACTIVE_COMPILATION_CONDITIONS = DEBUG;
				SWIFT_OPTIMIZATION_LEVEL = "-Onone";
			};
			name = Debug;
		};
		B94D401225507CBD0077DD79 /* Release */ = {
			isa = XCBuildConfiguration;
			buildSettings = {
				ALWAYS_SEARCH_USER_PATHS = NO;
				CLANG_ANALYZER_NONNULL = YES;
				CLANG_ANALYZER_NUMBER_OBJECT_CONVERSION = YES_AGGRESSIVE;
				CLANG_CXX_LANGUAGE_STANDARD = "gnu++14";
				CLANG_CXX_LIBRARY = "libc++";
				CLANG_ENABLE_MODULES = YES;
				CLANG_ENABLE_OBJC_ARC = YES;
				CLANG_ENABLE_OBJC_WEAK = YES;
				CLANG_WARN_BLOCK_CAPTURE_AUTORELEASING = YES;
				CLANG_WARN_BOOL_CONVERSION = YES;
				CLANG_WARN_COMMA = YES;
				CLANG_WARN_CONSTANT_CONVERSION = YES;
				CLANG_WARN_DEPRECATED_OBJC_IMPLEMENTATIONS = YES;
				CLANG_WARN_DIRECT_OBJC_ISA_USAGE = YES_ERROR;
				CLANG_WARN_DOCUMENTATION_COMMENTS = YES;
				CLANG_WARN_EMPTY_BODY = YES;
				CLANG_WARN_ENUM_CONVERSION = YES;
				CLANG_WARN_INFINITE_RECURSION = YES;
				CLANG_WARN_INT_CONVERSION = YES;
				CLANG_WARN_NON_LITERAL_NULL_CONVERSION = YES;
				CLANG_WARN_OBJC_IMPLICIT_RETAIN_SELF = YES;
				CLANG_WARN_OBJC_LITERAL_CONVERSION = YES;
				CLANG_WARN_OBJC_ROOT_CLASS = YES_ERROR;
				CLANG_WARN_QUOTED_INCLUDE_IN_FRAMEWORK_HEADER = YES;
				CLANG_WARN_RANGE_LOOP_ANALYSIS = YES;
				CLANG_WARN_STRICT_PROTOTYPES = YES;
				CLANG_WARN_SUSPICIOUS_MOVE = YES;
				CLANG_WARN_UNGUARDED_AVAILABILITY = YES_AGGRESSIVE;
				CLANG_WARN_UNREACHABLE_CODE = YES;
				CLANG_WARN__DUPLICATE_METHOD_MATCH = YES;
				COPY_PHASE_STRIP = NO;
				DEBUG_INFORMATION_FORMAT = "dwarf-with-dsym";
				ENABLE_NS_ASSERTIONS = NO;
				ENABLE_STRICT_OBJC_MSGSEND = YES;
				GCC_C_LANGUAGE_STANDARD = gnu11;
				GCC_NO_COMMON_BLOCKS = YES;
				GCC_WARN_64_TO_32_BIT_CONVERSION = YES;
				GCC_WARN_ABOUT_RETURN_TYPE = YES_ERROR;
				GCC_WARN_UNDECLARED_SELECTOR = YES;
				GCC_WARN_UNINITIALIZED_AUTOS = YES_AGGRESSIVE;
				GCC_WARN_UNUSED_FUNCTION = YES;
				GCC_WARN_UNUSED_VARIABLE = YES;
				IPHONEOS_DEPLOYMENT_TARGET = 14.1;
				MTL_ENABLE_DEBUG_INFO = NO;
				MTL_FAST_MATH = YES;
				SDKROOT = iphoneos;
				SWIFT_COMPILATION_MODE = wholemodule;
				SWIFT_OPTIMIZATION_LEVEL = "-O";
				VALIDATE_PRODUCT = YES;
			};
			name = Release;
		};
		B94D401425507CBD0077DD79 /* Debug */ = {
			isa = XCBuildConfiguration;
			buildSettings = {
				ASSETCATALOG_COMPILER_APPICON_NAME = AppIcon;
				ASSETCATALOG_COMPILER_GLOBAL_ACCENT_COLOR_NAME = AccentColor;
				CODE_SIGN_STYLE = Automatic;
				INFOPLIST_FILE = NavigationViewController_Tutorial/Info.plist;
				LD_RUNPATH_SEARCH_PATHS = (
					"$(inherited)",
					"@executable_path/Frameworks",
				);
				PRODUCT_BUNDLE_IDENTIFIER = "com.wjapp.NavigationViewController-Tutorial";
				PRODUCT_NAME = "$(TARGET_NAME)";
				SWIFT_VERSION = 5.0;
				TARGETED_DEVICE_FAMILY = "1,2";
			};
			name = Debug;
		};
		B94D401525507CBD0077DD79 /* Release */ = {
			isa = XCBuildConfiguration;
			buildSettings = {
				ASSETCATALOG_COMPILER_APPICON_NAME = AppIcon;
				ASSETCATALOG_COMPILER_GLOBAL_ACCENT_COLOR_NAME = AccentColor;
				CODE_SIGN_STYLE = Automatic;
				INFOPLIST_FILE = NavigationViewController_Tutorial/Info.plist;
				LD_RUNPATH_SEARCH_PATHS = (
					"$(inherited)",
					"@executable_path/Frameworks",
				);
				PRODUCT_BUNDLE_IDENTIFIER = "com.wjapp.NavigationViewController-Tutorial";
				PRODUCT_NAME = "$(TARGET_NAME)";
				SWIFT_VERSION = 5.0;
				TARGETED_DEVICE_FAMILY = "1,2";
			};
			name = Release;
		};
/* End XCBuildConfiguration section */

/* Begin XCConfigurationList section */
		B94D3FFA25507CBA0077DD79 /* Build configuration list for PBXProject "NavigationViewController_Tutorial" */ = {
			isa = XCConfigurationList;
			buildConfigurations = (
				B94D401125507CBD0077DD79 /* Debug */,
				B94D401225507CBD0077DD79 /* Release */,
			);
			defaultConfigurationIsVisible = 0;
			defaultConfigurationName = Release;
		};
		B94D401325507CBD0077DD79 /* Build configuration list for PBXNativeTarget "NavigationViewController_Tutorial" */ = {
			isa = XCConfigurationList;
			buildConfigurations = (
				B94D401425507CBD0077DD79 /* Debug */,
				B94D401525507CBD0077DD79 /* Release */,
			);
			defaultConfigurationIsVisible = 0;
			defaultConfigurationName = Release;
		};
/* End XCConfigurationList section */
	};
	rootObject = B94D3FF725507CBA0077DD79 /* Project object */;
}
